
Microsoft Visual Studio Solution File, Format Version 12.00
# Visual Studio Version 17
VisualStudioVersion = 17.10.35122.118
MinimumVisualStudioVersion = 10.0.40219.1
Project("{FAE04EC0-301F-11D3-BF4B-00C04F79EFBC}") = "IncrementDecrement", "IncrementDecrement\IncrementDecrement.csproj", "{13625173-42D6-46F4-8800-AD8314893D2D}"
EndProject
Global
	GlobalSection(SolutionConfigurationPlatforms) = preSolution
		Debug|Any CPU = Debug|Any CPU
		Release|Any CPU = Release|Any CPU
	EndGlobalSection
	GlobalSection(ProjectConfigurationPlatforms) = postSolution
		{13625173-42D6-46F4-8800-AD8314893D2D}.Debug|Any CPU.ActiveCfg = Debug|Any CPU
		{13625173-42D6-46F4-8800-AD8314893D2D}.Debug|Any CPU.Build.0 = Debug|Any CPU
		{13625173-42D6-46F4-8800-AD8314893D2D}.Release|Any CPU.ActiveCfg = Release|Any CPU
		{13625173-42D6-46F4-8800-AD8314893D2D}.Release|Any CPU.Build.0 = Release|Any CPU
	EndGlobalSection
	GlobalSection(SolutionProperties) = preSolution
		HideSolutionNode = FALSE
	EndGlobalSection
	GlobalSection(ExtensibilityGlobals) = postSolution
		SolutionGuid = {E17344E6-96C1-4725-9D3D-6EA353CB8FFA}
	EndGlobalSection
EndGlobal
